// !$*UTF8*$!
{
	archiveVersion = 1;
	classes = {
	};
	objectVersion = 77;
	objects = {

/* Begin PBXBuildFile section */
		C6120B722ECD241300A7C428 /* Lottie in Frameworks */ = {isa = PBXBuildFile; productRef = C6120B712ECD241300A7C428 /* Lottie */; };
		C6C82E262EC7F98300976527 /* GoogleSignIn in Frameworks */ = {isa = PBXBuildFile; productRef = C6C82E252EC7F98300976527 /* GoogleSignIn */; };
		C6C82E282EC7F98300976527 /* GoogleSignInSwift in Frameworks */ = {isa = PBXBuildFile; productRef = C6C82E272EC7F98300976527 /* GoogleSignInSwift */; };
/* End PBXBuildFile section */

/* Begin PBXContainerItemProxy section */
		C6C82DE02EC6A71F00976527 /* PBXContainerItemProxy */ = {
			isa = PBXContainerItemProxy;
			containerPortal = C6C82DCA2EC6A71E00976527 /* Project object */;
			proxyType = 1;
			remoteGlobalIDString = C6C82DD12EC6A71E00976527;
			remoteInfo = owlitiOS;
		};
		C6C82DEA2EC6A71F00976527 /* PBXContainerItemProxy */ = {
			isa = PBXContainerItemProxy;
			containerPortal = C6C82DCA2EC6A71E00976527 /* Project object */;
			proxyType = 1;
			remoteGlobalIDString = C6C82DD12EC6A71E00976527;
			remoteInfo = owlitiOS;
		};
/* End PBXContainerItemProxy section */

/* Begin PBXCopyFilesBuildPhase section */
		C6120B6F2ECD214E00A7C428 /* Embed Frameworks */ = {
			isa = PBXCopyFilesBuildPhase;
			buildActionMask = 2147483647;
			dstPath = "";
			dstSubfolderSpec = 10;
			files = (
			);
			name = "Embed Frameworks";
			runOnlyForDeploymentPostprocessing = 0;
		};
/* End PBXCopyFilesBuildPhase section */

/* Begin PBXFileReference section */
		C6C82DD22EC6A71E00976527 /* owlitiOS.app */ = {isa = PBXFileReference; explicitFileType = wrapper.application; includeInIndex = 0; path = owlitiOS.app; sourceTree = BUILT_PRODUCTS_DIR; };
		C6C82DDF2EC6A71F00976527 /* owlitiOSTests.xctest */ = {isa = PBXFileReference; explicitFileType = wrapper.cfbundle; includeInIndex = 0; path = owlitiOSTests.xctest; sourceTree = BUILT_PRODUCTS_DIR; };
		C6C82DE92EC6A71F00976527 /* owlitiOSUITests.xctest */ = {isa = PBXFileReference; explicitFileType = wrapper.cfbundle; includeInIndex = 0; path = owlitiOSUITests.xctest; sourceTree = BUILT_PRODUCTS_DIR; };
/* End PBXFileReference section */

/* Begin PBXFileSystemSynchronizedBuildFileExceptionSet section */
		C6C82E222EC7DC1500976527 /* Exceptions for "owlitiOS" folder in "owlitiOS" target */ = {
			isa = PBXFileSystemSynchronizedBuildFileExceptionSet;
			membershipExceptions = (
				Info.plist,
			);
			target = C6C82DD12EC6A71E00976527 /* owlitiOS */;
		};
/* End PBXFileSystemSynchronizedBuildFileExceptionSet section */

/* Begin PBXFileSystemSynchronizedRootGroup section */
		C6C82DD42EC6A71E00976527 /* owlitiOS */ = {
			isa = PBXFileSystemSynchronizedRootGroup;
			exceptions = (
				C6C82E222EC7DC1500976527 /* Exceptions for "owlitiOS" folder in "owlitiOS" target */,
			);
			path = owlitiOS;
			sourceTree = "<group>";
		};
		C6C82DE22EC6A71F00976527 /* owlitiOSTests */ = {
			isa = PBXFileSystemSynchronizedRootGroup;
			path = owlitiOSTests;
			sourceTree = "<group>";
		};
		C6C82DEC2EC6A71F00976527 /* owlitiOSUITests */ = {
			isa = PBXFileSystemSynchronizedRootGroup;
			path = owlitiOSUITests;
			sourceTree = "<group>";
		};
/* End PBXFileSystemSynchronizedRootGroup section */

/* Begin PBXFrameworksBuildPhase section */
		C6C82DCF2EC6A71E00976527 /* Frameworks */ = {
			isa = PBXFrameworksBuildPhase;
			buildActionMask = 2147483647;
			files = (
				C6C82E262EC7F98300976527 /* GoogleSignIn in Frameworks */,
				C6C82E282EC7F98300976527 /* GoogleSignInSwift in Frameworks */,
				C6120B722ECD241300A7C428 /* Lottie in Frameworks */,
			);
			runOnlyForDeploymentPostprocessing = 0;
		};
		C6C82DDC2EC6A71F00976527 /* Frameworks */ = {
			isa = PBXFrameworksBuildPhase;
			buildActionMask = 2147483647;
			files = (
			);
			runOnlyForDeploymentPostprocessing = 0;
		};
		C6C82DE62EC6A71F00976527 /* Frameworks */ = {
			isa = PBXFrameworksBuildPhase;
			buildActionMask = 2147483647;
			files = (
			);
			runOnlyForDeploymentPostprocessing = 0;
		};
/* End PBXFrameworksBuildPhase section */

/* Begin PBXGroup section */
		C6C82DC92EC6A71E00976527 = {
			isa = PBXGroup;
			children = (
				C6C82DD42EC6A71E00976527 /* owlitiOS */,
				C6C82DE22EC6A71F00976527 /* owlitiOSTests */,
				C6C82DEC2EC6A71F00976527 /* owlitiOSUITests */,
				C6C82DD32EC6A71E00976527 /* Products */,
			);
			sourceTree = "<group>";
		};
		C6C82DD32EC6A71E00976527 /* Products */ = {
			isa = PBXGroup;
			children = (
				C6C82DD22EC6A71E00976527 /* owlitiOS.app */,
				C6C82DDF2EC6A71F00976527 /* owlitiOSTests.xctest */,
				C6C82DE92EC6A71F00976527 /* owlitiOSUITests.xctest */,
			);
			name = Products;
			sourceTree = "<group>";
		};
/* End PBXGroup section */

/* Begin PBXNativeTarget section */
		C6C82DD12EC6A71E00976527 /* owlitiOS */ = {
			isa = PBXNativeTarget;
			buildConfigurationList = C6C82DF32EC6A71F00976527 /* Build configuration list for PBXNativeTarget "owlitiOS" */;
			buildPhases = (
				C6C82DCE2EC6A71E00976527 /* Sources */,
				C6C82DCF2EC6A71E00976527 /* Frameworks */,
				C6C82DD02EC6A71E00976527 /* Resources */,
				C6120B6F2ECD214E00A7C428 /* Embed Frameworks */,
			);
			buildRules = (
			);
			dependencies = (
			);
			fileSystemSynchronizedGroups = (
				C6C82DD42EC6A71E00976527 /* owlitiOS */,
			);
			name = owlitiOS;
			packageProductDependencies = (
				C6C82E252EC7F98300976527 /* GoogleSignIn */,
				C6C82E272EC7F98300976527 /* GoogleSignInSwift */,
				C6120B712ECD241300A7C428 /* Lottie */,
			);
			productName = owlitiOS;
			productReference = C6C82DD22EC6A71E00976527 /* owlitiOS.app */;
			productType = "com.apple.product-type.application";
		};
		C6C82DDE2EC6A71F00976527 /* owlitiOSTests */ = {
			isa = PBXNativeTarget;
			buildConfigurationList = C6C82DF62EC6A71F00976527 /* Build configuration list for PBXNativeTarget "owlitiOSTests" */;
			buildPhases = (
				C6C82DDB2EC6A71F00976527 /* Sources */,
				C6C82DDC2EC6A71F00976527 /* Frameworks */,
				C6C82DDD2EC6A71F00976527 /* Resources */,
			);
			buildRules = (
			);
			dependencies = (
				C6C82DE12EC6A71F00976527 /* PBXTargetDependency */,
			);
			fileSystemSynchronizedGroups = (
				C6C82DE22EC6A71F00976527 /* owlitiOSTests */,
			);
			name = owlitiOSTests;
			packageProductDependencies = (
			);
			productName = owlitiOSTests;
			productReference = C6C82DDF2EC6A71F00976527 /* owlitiOSTests.xctest */;
			productType = "com.apple.product-type.bundle.unit-test";
		};
		C6C82DE82EC6A71F00976527 /* owlitiOSUITests */ = {
			isa = PBXNativeTarget;
			buildConfigurationList = C6C82DF92EC6A71F00976527 /* Build configuration list for PBXNativeTarget "owlitiOSUITests" */;
			buildPhases = (
				C6C82DE52EC6A71F00976527 /* Sources */,
				C6C82DE62EC6A71F00976527 /* Frameworks */,
				C6C82DE72EC6A71F00976527 /* Resources */,
			);
			buildRules = (
			);
			dependencies = (
				C6C82DEB2EC6A71F00976527 /* PBXTargetDependency */,
			);
			fileSystemSynchronizedGroups = (
				C6C82DEC2EC6A71F00976527 /* owlitiOSUITests */,
			);
			name = owlitiOSUITests;
			packageProductDependencies = (
			);
			productName = owlitiOSUITests;
			productReference = C6C82DE92EC6A71F00976527 /* owlitiOSUITests.xctest */;
			productType = "com.apple.product-type.bundle.ui-testing";
		};
/* End PBXNativeTarget section */

/* Begin PBXProject section */
		C6C82DCA2EC6A71E00976527 /* Project object */ = {
			isa = PBXProject;
			attributes = {
				BuildIndependentTargetsInParallel = 1;
				LastSwiftUpdateCheck = 2600;
				LastUpgradeCheck = 2600;
				TargetAttributes = {
					C6C82DD12EC6A71E00976527 = {
						CreatedOnToolsVersion = 26.0.1;
					};
					C6C82DDE2EC6A71F00976527 = {
						CreatedOnToolsVersion = 26.0.1;
						TestTargetID = C6C82DD12EC6A71E00976527;
					};
					C6C82DE82EC6A71F00976527 = {
						CreatedOnToolsVersion = 26.0.1;
						TestTargetID = C6C82DD12EC6A71E00976527;
					};
				};
			};
			buildConfigurationList = C6C82DCD2EC6A71E00976527 /* Build configuration list for PBXProject "owlitiOS" */;
			developmentRegion = en;
			hasScannedForEncodings = 0;
			knownRegions = (
				en,
				Base,
			);
			mainGroup = C6C82DC92EC6A71E00976527;
			minimizedProjectReferenceProxies = 1;
			packageReferences = (
				C6C82E232EC7F68800976527 /* XCRemoteSwiftPackageReference "SwiftyTesseract" */,
				C6C82E242EC7F69C00976527 /* XCRemoteSwiftPackageReference "GoogleSignIn-iOS" */,
				C6120B702ECD241300A7C428 /* XCRemoteSwiftPackageReference "lottie-spm" */,
			);
			preferredProjectObjectVersion = 77;
			productRefGroup = C6C82DD32EC6A71E00976527 /* Products */;
			projectDirPath = "";
			projectRoot = "";
			targets = (
				C6C82DD12EC6A71E00976527 /* owlitiOS */,
				C6C82DDE2EC6A71F00976527 /* owlitiOSTests */,
				C6C82DE82EC6A71F00976527 /* owlitiOSUITests */,
			);
		};
/* End PBXProject section */

/* Begin PBXResourcesBuildPhase section */
		C6C82DD02EC6A71E00976527 /* Resources */ = {
			isa = PBXResourcesBuildPhase;
			buildActionMask = 2147483647;
			files = (
			);
			runOnlyForDeploymentPostprocessing = 0;
		};
		C6C82DDD2EC6A71F00976527 /* Resources */ = {
			isa = PBXResourcesBuildPhase;
			buildActionMask = 2147483647;
			files = (
			);
			runOnlyForDeploymentPostprocessing = 0;
		};
		C6C82DE72EC6A71F00976527 /* Resources */ = {
			isa = PBXResourcesBuildPhase;
			buildActionMask = 2147483647;
			files = (
			);
			runOnlyForDeploymentPostprocessing = 0;
		};
/* End PBXResourcesBuildPhase section */

/* Begin PBXSourcesBuildPhase section */
		C6C82DCE2EC6A71E00976527 /* Sources */ = {
			isa = PBXSourcesBuildPhase;
			buildActionMask = 2147483647;
			files = (
			);
			runOnlyForDeploymentPostprocessing = 0;
		};
		C6C82DDB2EC6A71F00976527 /* Sources */ = {
			isa = PBXSourcesBuildPhase;
			buildActionMask = 2147483647;
			files = (
			);
			runOnlyForDeploymentPostprocessing = 0;
		};
		C6C82DE52EC6A71F00976527 /* Sources */ = {
			isa = PBXSourcesBuildPhase;
			buildActionMask = 2147483647;
			files = (
			);
			runOnlyForDeploymentPostprocessing = 0;
		};
/* End PBXSourcesBuildPhase section */

/* Begin PBXTargetDependency section */
		C6C82DE12EC6A71F00976527 /* PBXTargetDependency */ = {
			isa = PBXTargetDependency;
			target = C6C82DD12EC6A71E00976527 /* owlitiOS */;
			targetProxy = C6C82DE02EC6A71F00976527 /* PBXContainerItemProxy */;
		};
		C6C82DEB2EC6A71F00976527 /* PBXTargetDependency */ = {
			isa = PBXTargetDependency;
			target = C6C82DD12EC6A71E00976527 /* owlitiOS */;
			targetProxy = C6C82DEA2EC6A71F00976527 /* PBXContainerItemProxy */;
		};
/* End PBXTargetDependency section */

/* Begin XCBuildConfiguration section */
		C6C82DF12EC6A71F00976527 /* Debug */ = {
			isa = XCBuildConfiguration;
			buildSettings = {
				ALWAYS_SEARCH_USER_PATHS = NO;
				ASSETCATALOG_COMPILER_GENERATE_SWIFT_ASSET_SYMBOL_EXTENSIONS = YES;
				CLANG_ANALYZER_NONNULL = YES;
				CLANG_ANALYZER_NUMBER_OBJECT_CONVERSION = YES_AGGRESSIVE;
				CLANG_CXX_LANGUAGE_STANDARD = "gnu++20";
				CLANG_ENABLE_MODULES = YES;
				CLANG_ENABLE_OBJC_ARC = YES;
				CLANG_ENABLE_OBJC_WEAK = YES;
				CLANG_WARN_BLOCK_CAPTURE_AUTORELEASING = YES;
				CLANG_WARN_BOOL_CONVERSION = YES;
				CLANG_WARN_COMMA = YES;
				CLANG_WARN_CONSTANT_CONVERSION = YES;
				CLANG_WARN_DEPRECATED_OBJC_IMPLEMENTATIONS = YES;
				CLANG_WARN_DIRECT_OBJC_ISA_USAGE = YES_ERROR;
				CLANG_WARN_DOCUMENTATION_COMMENTS = YES;
				CLANG_WARN_EMPTY_BODY = YES;
				CLANG_WARN_ENUM_CONVERSION = YES;
				CLANG_WARN_INFINITE_RECURSION = YES;
				CLANG_WARN_INT_CONVERSION = YES;
				CLANG_WARN_NON_LITERAL_NULL_CONVERSION = YES;
				CLANG_WARN_OBJC_IMPLICIT_RETAIN_SELF = YES;
				CLANG_WARN_OBJC_LITERAL_CONVERSION = YES;
				CLANG_WARN_OBJC_ROOT_CLASS = YES_ERROR;
				CLANG_WARN_QUOTED_INCLUDE_IN_FRAMEWORK_HEADER = YES;
				CLANG_WARN_RANGE_LOOP_ANALYSIS = YES;
				CLANG_WARN_STRICT_PROTOTYPES = YES;
				CLANG_WARN_SUSPICIOUS_MOVE = YES;
				CLANG_WARN_UNGUARDED_AVAILABILITY = YES_AGGRESSIVE;
				CLANG_WARN_UNREACHABLE_CODE = YES;
				CLANG_WARN__DUPLICATE_METHOD_MATCH = YES;
				COPY_PHASE_STRIP = NO;
				DEBUG_INFORMATION_FORMAT = dwarf;
				ENABLE_STRICT_OBJC_MSGSEND = YES;
				ENABLE_TESTABILITY = YES;
				ENABLE_USER_SCRIPT_SANDBOXING = YES;
				GCC_C_LANGUAGE_STANDARD = gnu17;
				GCC_DYNAMIC_NO_PIC = NO;
				GCC_NO_COMMON_BLOCKS = YES;
				GCC_OPTIMIZATION_LEVEL = 0;
				GCC_PREPROCESSOR_DEFINITIONS = (
					"DEBUG=1",
					"$(inherited)",
				);
				GCC_WARN_64_TO_32_BIT_CONVERSION = YES;
				GCC_WARN_ABOUT_RETURN_TYPE = YES_ERROR;
				GCC_WARN_UNDECLARED_SELECTOR = YES;
				GCC_WARN_UNINITIALIZED_AUTOS = YES_AGGRESSIVE;
				GCC_WARN_UNUSED_FUNCTION = YES;
				GCC_WARN_UNUSED_VARIABLE = YES;
				IPHONEOS_DEPLOYMENT_TARGET = 18.6;
				LOCALIZATION_PREFERS_STRING_CATALOGS = YES;
				MTL_ENABLE_DEBUG_INFO = INCLUDE_SOURCE;
				MTL_FAST_MATH = YES;
				ONLY_ACTIVE_ARCH = YES;
				SDKROOT = iphoneos;
				SWIFT_ACTIVE_COMPILATION_CONDITIONS = "DEBUG $(inherited)";
				SWIFT_OPTIMIZATION_LEVEL = "-Onone";
			};
			name = Debug;
		};
		C6C82DF22EC6A71F00976527 /* Release */ = {
			isa = XCBuildConfiguration;
			buildSettings = {
				ALWAYS_SEARCH_USER_PATHS = NO;
				ASSETCATALOG_COMPILER_GENERATE_SWIFT_ASSET_SYMBOL_EXTENSIONS = YES;
				CLANG_ANALYZER_NONNULL = YES;
				CLANG_ANALYZER_NUMBER_OBJECT_CONVERSION = YES_AGGRESSIVE;
				CLANG_CXX_LANGUAGE_STANDARD = "gnu++20";
				CLANG_ENABLE_MODULES = YES;
				CLANG_ENABLE_OBJC_ARC = YES;
				CLANG_ENABLE_OBJC_WEAK = YES;
				CLANG_WARN_BLOCK_CAPTURE_AUTORELEASING = YES;
				CLANG_WARN_BOOL_CONVERSION = YES;
				CLANG_WARN_COMMA = YES;
				CLANG_WARN_CONSTANT_CONVERSION = YES;
				CLANG_WARN_DEPRECATED_OBJC_IMPLEMENTATIONS = YES;
				CLANG_WARN_DIRECT_OBJC_ISA_USAGE = YES_ERROR;
				CLANG_WARN_DOCUMENTATION_COMMENTS = YES;
				CLANG_WARN_EMPTY_BODY = YES;
				CLANG_WARN_ENUM_CONVERSION = YES;
				CLANG_WARN_INFINITE_RECURSION = YES;
				CLANG_WARN_INT_CONVERSION = YES;
				CLANG_WARN_NON_LITERAL_NULL_CONVERSION = YES;
				CLANG_WARN_OBJC_IMPLICIT_RETAIN_SELF = YES;
				CLANG_WARN_OBJC_LITERAL_CONVERSION = YES;
				CLANG_WARN_OBJC_ROOT_CLASS = YES_ERROR;
				CLANG_WARN_QUOTED_INCLUDE_IN_FRAMEWORK_HEADER = YES;
				CLANG_WARN_RANGE_LOOP_ANALYSIS = YES;
				CLANG_WARN_STRICT_PROTOTYPES = YES;
				CLANG_WARN_SUSPICIOUS_MOVE = YES;
				CLANG_WARN_UNGUARDED_AVAILABILITY = YES_AGGRESSIVE;
				CLANG_WARN_UNREACHABLE_CODE = YES;
				CLANG_WARN__DUPLICATE_METHOD_MATCH = YES;
				COPY_PHASE_STRIP = NO;
				DEBUG_INFORMATION_FORMAT = "dwarf-with-dsym";
				ENABLE_NS_ASSERTIONS = NO;
				ENABLE_STRICT_OBJC_MSGSEND = YES;
				ENABLE_USER_SCRIPT_SANDBOXING = YES;
				GCC_C_LANGUAGE_STANDARD = gnu17;
				GCC_NO_COMMON_BLOCKS = YES;
				GCC_WARN_64_TO_32_BIT_CONVERSION = YES;
				GCC_WARN_ABOUT_RETURN_TYPE = YES_ERROR;
				GCC_WARN_UNDECLARED_SELECTOR = YES;
				GCC_WARN_UNINITIALIZED_AUTOS = YES_AGGRESSIVE;
				GCC_WARN_UNUSED_FUNCTION = YES;
				GCC_WARN_UNUSED_VARIABLE = YES;
				IPHONEOS_DEPLOYMENT_TARGET = 18.6;
				LOCALIZATION_PREFERS_STRING_CATALOGS = YES;
				MTL_ENABLE_DEBUG_INFO = NO;
				MTL_FAST_MATH = YES;
				SDKROOT = iphoneos;
				SWIFT_COMPILATION_MODE = wholemodule;
				VALIDATE_PRODUCT = YES;
			};
			name = Release;
		};
		C6C82DF42EC6A71F00976527 /* Debug */ = {
			isa = XCBuildConfiguration;
			buildSettings = {
				ASSETCATALOG_COMPILER_APPICON_NAME = AppIcon;
				ASSETCATALOG_COMPILER_GLOBAL_ACCENT_COLOR_NAME = AccentColor;
				CODE_SIGN_ENTITLEMENTS = owlitiOS/owlitiOS.entitlements;
				CODE_SIGN_STYLE = Automatic;
				CURRENT_PROJECT_VERSION = 1;
				DEVELOPMENT_TEAM = WSQ76JM6K8;
				ENABLE_PREVIEWS = YES;
				GENERATE_INFOPLIST_FILE = YES;
				INFOPLIST_FILE = owlitiOS/Info.plist;
				INFOPLIST_KEY_LSApplicationCategoryType = "";
				INFOPLIST_KEY_UIApplicationSceneManifest_Generation = YES;
				INFOPLIST_KEY_UIApplicationSupportsIndirectInputEvents = YES;
				INFOPLIST_KEY_UILaunchScreen_Generation = YES;
				INFOPLIST_KEY_UISupportedInterfaceOrientations_iPad = "UIInterfaceOrientationPortrait UIInterfaceOrientationPortraitUpsideDown UIInterfaceOrientationLandscapeLeft UIInterfaceOrientationLandscapeRight";
				INFOPLIST_KEY_UISupportedInterfaceOrientations_iPhone = "UIInterfaceOrientationPortrait UIInterfaceOrientationLandscapeLeft UIInterfaceOrientationLandscapeRight";
				LD_RUNPATH_SEARCH_PATHS = (
					"$(inherited)",
					"@executable_path/Frameworks",
				);
				MARKETING_VERSION = 1.0;
				PRODUCT_BUNDLE_IDENTIFIER = r.owlitiOS;
				PRODUCT_NAME = "$(TARGET_NAME)";
				STRING_CATALOG_GENERATE_SYMBOLS = YES;
				SWIFT_APPROACHABLE_CONCURRENCY = YES;
				SWIFT_DEFAULT_ACTOR_ISOLATION = MainActor;
				SWIFT_EMIT_LOC_STRINGS = YES;
				SWIFT_UPCOMING_FEATURE_MEMBER_IMPORT_VISIBILITY = YES;
				SWIFT_VERSION = 5.0;
				TARGETED_DEVICE_FAMILY = "1,2";
			};
			name = Debug;
		};
		C6C82DF52EC6A71F00976527 /* Release */ = {
			isa = XCBuildConfiguration;
			buildSettings = {
				ASSETCATALOG_COMPILER_APPICON_NAME = AppIcon;
				ASSETCATALOG_COMPILER_GLOBAL_ACCENT_COLOR_NAME = AccentColor;
				CODE_SIGN_ENTITLEMENTS = owlitiOS/owlitiOS.entitlements;
				CODE_SIGN_STYLE = Automatic;
				CURRENT_PROJECT_VERSION = 1;
				DEVELOPMENT_TEAM = WSQ76JM6K8;
				ENABLE_PREVIEWS = YES;
				GENERATE_INFOPLIST_FILE = YES;
				INFOPLIST_FILE = owlitiOS/Info.plist;
				INFOPLIST_KEY_LSApplicationCategoryType = "";
				INFOPLIST_KEY_UIApplicationSceneManifest_Generation = YES;
				INFOPLIST_KEY_UIApplicationSupportsIndirectInputEvents = YES;
				INFOPLIST_KEY_UILaunchScreen_Generation = YES;
				INFOPLIST_KEY_UISupportedInterfaceOrientations_iPad = "UIInterfaceOrientationPortrait UIInterfaceOrientationPortraitUpsideDown UIInterfaceOrientationLandscapeLeft UIInterfaceOrientationLandscapeRight";
				INFOPLIST_KEY_UISupportedInterfaceOrientations_iPhone = "UIInterfaceOrientationPortrait UIInterfaceOrientationLandscapeLeft UIInterfaceOrientationLandscapeRight";
				LD_RUNPATH_SEARCH_PATHS = (
					"$(inherited)",
					"@executable_path/Frameworks",
				);
				MARKETING_VERSION = 1.0;
				PRODUCT_BUNDLE_IDENTIFIER = r.owlitiOS;
				PRODUCT_NAME = "$(TARGET_NAME)";
				STRING_CATALOG_GENERATE_SYMBOLS = YES;
				SWIFT_APPROACHABLE_CONCURRENCY = YES;
				SWIFT_DEFAULT_ACTOR_ISOLATION = MainActor;
				SWIFT_EMIT_LOC_STRINGS = YES;
				SWIFT_UPCOMING_FEATURE_MEMBER_IMPORT_VISIBILITY = YES;
				SWIFT_VERSION = 5.0;
				TARGETED_DEVICE_FAMILY = "1,2";
			};
			name = Release;
		};
		C6C82DF72EC6A71F00976527 /* Debug */ = {
			isa = XCBuildConfiguration;
			buildSettings = {
				BUNDLE_LOADER = "$(TEST_HOST)";
				CODE_SIGN_STYLE = Automatic;
				CURRENT_PROJECT_VERSION = 1;
				GENERATE_INFOPLIST_FILE = YES;
				IPHONEOS_DEPLOYMENT_TARGET = 26.0;
				MARKETING_VERSION = 1.0;
				PRODUCT_BUNDLE_IDENTIFIER = r.owlitiOSTests;
				PRODUCT_NAME = "$(TARGET_NAME)";
				STRING_CATALOG_GENERATE_SYMBOLS = NO;
				SWIFT_APPROACHABLE_CONCURRENCY = YES;
				SWIFT_EMIT_LOC_STRINGS = NO;
				SWIFT_UPCOMING_FEATURE_MEMBER_IMPORT_VISIBILITY = YES;
				SWIFT_VERSION = 5.0;
				TARGETED_DEVICE_FAMILY = "1,2";
				TEST_HOST = "$(BUILT_PRODUCTS_DIR)/owlitiOS.app/$(BUNDLE_EXECUTABLE_FOLDER_PATH)/owlitiOS";
			};
			name = Debug;
		};
		C6C82DF82EC6A71F00976527 /* Release */ = {
			isa = XCBuildConfiguration;
			buildSettings = {
				BUNDLE_LOADER = "$(TEST_HOST)";
				CODE_SIGN_STYLE = Automatic;
				CURRENT_PROJECT_VERSION = 1;
				GENERATE_INFOPLIST_FILE = YES;
				IPHONEOS_DEPLOYMENT_TARGET = 26.0;
				MARKETING_VERSION = 1.0;
				PRODUCT_BUNDLE_IDENTIFIER = r.owlitiOSTests;
				PRODUCT_NAME = "$(TARGET_NAME)";
				STRING_CATALOG_GENERATE_SYMBOLS = NO;
				SWIFT_APPROACHABLE_CONCURRENCY = YES;
				SWIFT_EMIT_LOC_STRINGS = NO;
				SWIFT_UPCOMING_FEATURE_MEMBER_IMPORT_VISIBILITY = YES;
				SWIFT_VERSION = 5.0;
				TARGETED_DEVICE_FAMILY = "1,2";
				TEST_HOST = "$(BUILT_PRODUCTS_DIR)/owlitiOS.app/$(BUNDLE_EXECUTABLE_FOLDER_PATH)/owlitiOS";
			};
			name = Release;
		};
		C6C82DFA2EC6A71F00976527 /* Debug */ = {
			isa = XCBuildConfiguration;
			buildSettings = {
				CODE_SIGN_STYLE = Automatic;
				CURRENT_PROJECT_VERSION = 1;
				GENERATE_INFOPLIST_FILE = YES;
				MARKETING_VERSION = 1.0;
				PRODUCT_BUNDLE_IDENTIFIER = r.owlitiOSUITests;
				PRODUCT_NAME = "$(TARGET_NAME)";
				STRING_CATALOG_GENERATE_SYMBOLS = NO;
				SWIFT_APPROACHABLE_CONCURRENCY = YES;
				SWIFT_EMIT_LOC_STRINGS = NO;
				SWIFT_UPCOMING_FEATURE_MEMBER_IMPORT_VISIBILITY = YES;
				SWIFT_VERSION = 5.0;
				TARGETED_DEVICE_FAMILY = "1,2";
				TEST_TARGET_NAME = owlitiOS;
			};
			name = Debug;
		};
		C6C82DFB2EC6A71F00976527 /* Release */ = {
			isa = XCBuildConfiguration;
			buildSettings = {
				CODE_SIGN_STYLE = Automatic;
				CURRENT_PROJECT_VERSION = 1;
				GENERATE_INFOPLIST_FILE = YES;
				MARKETING_VERSION = 1.0;
				PRODUCT_BUNDLE_IDENTIFIER = r.owlitiOSUITests;
				PRODUCT_NAME = "$(TARGET_NAME)";
				STRING_CATALOG_GENERATE_SYMBOLS = NO;
				SWIFT_APPROACHABLE_CONCURRENCY = YES;
				SWIFT_EMIT_LOC_STRINGS = NO;
				SWIFT_UPCOMING_FEATURE_MEMBER_IMPORT_VISIBILITY = YES;
				SWIFT_VERSION = 5.0;
				TARGETED_DEVICE_FAMILY = "1,2";
				TEST_TARGET_NAME = owlitiOS;
			};
			name = Release;
		};
/* End XCBuildConfiguration section */

/* Begin XCConfigurationList section */
		C6C82DCD2EC6A71E00976527 /* Build configuration list for PBXProject "owlitiOS" */ = {
			isa = XCConfigurationList;
			buildConfigurations = (
				C6C82DF12EC6A71F00976527 /* Debug */,
				C6C82DF22EC6A71F00976527 /* Release */,
			);
			defaultConfigurationIsVisible = 0;
			defaultConfigurationName = Release;
		};
		C6C82DF32EC6A71F00976527 /* Build configuration list for PBXNativeTarget "owlitiOS" */ = {
			isa = XCConfigurationList;
			buildConfigurations = (
				C6C82DF42EC6A71F00976527 /* Debug */,
				C6C82DF52EC6A71F00976527 /* Release */,
			);
			defaultConfigurationIsVisible = 0;
			defaultConfigurationName = Release;
		};
		C6C82DF62EC6A71F00976527 /* Build configuration list for PBXNativeTarget "owlitiOSTests" */ = {
			isa = XCConfigurationList;
			buildConfigurations = (
				C6C82DF72EC6A71F00976527 /* Debug */,
				C6C82DF82EC6A71F00976527 /* Release */,
			);
			defaultConfigurationIsVisible = 0;
			defaultConfigurationName = Release;
		};
		C6C82DF92EC6A71F00976527 /* Build configuration list for PBXNativeTarget "owlitiOSUITests" */ = {
			isa = XCConfigurationList;
			buildConfigurations = (
				C6C82DFA2EC6A71F00976527 /* Debug */,
				C6C82DFB2EC6A71F00976527 /* Release */,
			);
			defaultConfigurationIsVisible = 0;
			defaultConfigurationName = Release;
		};
/* End XCConfigurationList section */

/* Begin XCRemoteSwiftPackageReference section */
		C6120B702ECD241300A7C428 /* XCRemoteSwiftPackageReference "lottie-spm" */ = {
			isa = XCRemoteSwiftPackageReference;
			repositoryURL = "https://github.com/airbnb/lottie-spm.git";
			requirement = {
				kind = upToNextMajorVersion;
				minimumVersion = 4.5.2;
			};
		};
		C6C82E232EC7F68800976527 /* XCRemoteSwiftPackageReference "SwiftyTesseract" */ = {
			isa = XCRemoteSwiftPackageReference;
			repositoryURL = "https://github.com/SwiftyTesseract/SwiftyTesseract";
			requirement = {
				kind = upToNextMajorVersion;
				minimumVersion = 4.0.1;
			};
		};
		C6C82E242EC7F69C00976527 /* XCRemoteSwiftPackageReference "GoogleSignIn-iOS" */ = {
			isa = XCRemoteSwiftPackageReference;
			repositoryURL = "https://github.com/google/GoogleSignIn-iOS";
			requirement = {
				kind = upToNextMajorVersion;
				minimumVersion = 9.0.0;
			};
		};
/* End XCRemoteSwiftPackageReference section */

/* Begin XCSwiftPackageProductDependency section */
		C6120B712ECD241300A7C428 /* Lottie */ = {
			isa = XCSwiftPackageProductDependency;
			package = C6120B702ECD241300A7C428 /* XCRemoteSwiftPackageReference "lottie-spm" */;
			productName = Lottie;
		};
		C6C82E252EC7F98300976527 /* GoogleSignIn */ = {
			isa = XCSwiftPackageProductDependency;
			package = C6C82E242EC7F69C00976527 /* XCRemoteSwiftPackageReference "GoogleSignIn-iOS" */;
			productName = GoogleSignIn;
		};
		C6C82E272EC7F98300976527 /* GoogleSignInSwift */ = {
			isa = XCSwiftPackageProductDependency;
			package = C6C82E242EC7F69C00976527 /* XCRemoteSwiftPackageReference "GoogleSignIn-iOS" */;
			productName = GoogleSignInSwift;
		};
/* End XCSwiftPackageProductDependency section */
	};
	rootObject = C6C82DCA2EC6A71E00976527 /* Project object */;
}
